// !$*UTF8*$!
{
	archiveVersion = 1;
	classes = {
	};
	objectVersion = 56;
	objects = {

/* Begin PBXBuildFile section */
		0E47023F2BEE9D0D00765E51 /* FellmongerApp.swift in Sources */ = {isa = PBXBuildFile; fileRef = 0E47023E2BEE9D0D00765E51 /* FellmongerApp.swift */; };
		0E4702432BEE9D0E00765E51 /* Assets.xcassets in Resources */ = {isa = PBXBuildFile; fileRef = 0E4702422BEE9D0E00765E51 /* Assets.xcassets */; };
		0E72FB482C531BAE0069EF12 /* MacOSRoot in Frameworks */ = {isa = PBXBuildFile; productRef = 0E72FB472C531BAE0069EF12 /* MacOSRoot */; };
		0EE839AD2C0A730B00867DCA /* Preview Assets.xcassets in Resources */ = {isa = PBXBuildFile; fileRef = 0EE839AC2C0A730B00867DCA /* Preview Assets.xcassets */; };
/* End PBXBuildFile section */

/* Begin PBXFileReference section */
		0E14D3BB2C6403CE00451EC3 /* MacOSSettings */ = {isa = PBXFileReference; lastKnownFileType = wrapper; path = MacOSSettings; sourceTree = "<group>"; };
		0E3FBC822C53192600988A78 /* MacOSChat */ = {isa = PBXFileReference; lastKnownFileType = wrapper; path = MacOSChat; sourceTree = "<group>"; };
		0E3FBC832C53192600988A78 /* MacOSRoot */ = {isa = PBXFileReference; lastKnownFileType = wrapper; path = MacOSRoot; sourceTree = "<group>"; };
		0E3FBC842C53192600988A78 /* MacOSSwiftExtensions */ = {isa = PBXFileReference; lastKnownFileType = wrapper; path = MacOSSwiftExtensions; sourceTree = "<group>"; };
		0E47023B2BEE9D0D00765E51 /* Fellmonger.app */ = {isa = PBXFileReference; explicitFileType = wrapper.application; includeInIndex = 0; path = Fellmonger.app; sourceTree = BUILT_PRODUCTS_DIR; };
		0E47023E2BEE9D0D00765E51 /* FellmongerApp.swift */ = {isa = PBXFileReference; lastKnownFileType = sourcecode.swift; path = FellmongerApp.swift; sourceTree = "<group>"; };
		0E4702422BEE9D0E00765E51 /* Assets.xcassets */ = {isa = PBXFileReference; lastKnownFileType = folder.assetcatalog; path = Assets.xcassets; sourceTree = "<group>"; };
		0E4702472BEE9D0E00765E51 /* Fellmonger.entitlements */ = {isa = PBXFileReference; lastKnownFileType = text.plist.entitlements; path = Fellmonger.entitlements; sourceTree = "<group>"; };
		0EE839AC2C0A730B00867DCA /* Preview Assets.xcassets */ = {isa = PBXFileReference; lastKnownFileType = folder.assetcatalog; path = "Preview Assets.xcassets"; sourceTree = "<group>"; };
/* End PBXFileReference section */

/* Begin PBXFrameworksBuildPhase section */
		0E4702382BEE9D0D00765E51 /* Frameworks */ = {
			isa = PBXFrameworksBuildPhase;
			buildActionMask = 2147483647;
			files = (
				0E72FB482C531BAE0069EF12 /* MacOSRoot in Frameworks */,
			);
			runOnlyForDeploymentPostprocessing = 0;
		};
/* End PBXFrameworksBuildPhase section */

/* Begin PBXGroup section */
		0E4702322BEE9D0D00765E51 = {
			isa = PBXGroup;
			children = (
				0E3FBC832C53192600988A78 /* MacOSRoot */,
				0E14D3BB2C6403CE00451EC3 /* MacOSSettings */,
				0E3FBC822C53192600988A78 /* MacOSChat */,
				0E3FBC842C53192600988A78 /* MacOSSwiftExtensions */,
				0E47023D2BEE9D0D00765E51 /* Fellmonger */,
				0E47023C2BEE9D0D00765E51 /* Products */,
				0EE839952C08DABB00867DCA /* Frameworks */,
			);
			sourceTree = "<group>";
		};
		0E47023C2BEE9D0D00765E51 /* Products */ = {
			isa = PBXGroup;
			children = (
				0E47023B2BEE9D0D00765E51 /* Fellmonger.app */,
			);
			name = Products;
			sourceTree = "<group>";
		};
		0E47023D2BEE9D0D00765E51 /* Fellmonger */ = {
			isa = PBXGroup;
			children = (
				0E47023E2BEE9D0D00765E51 /* FellmongerApp.swift */,
				0E4702422BEE9D0E00765E51 /* Assets.xcassets */,
				0E4702472BEE9D0E00765E51 /* Fellmonger.entitlements */,
				0EE839AB2C0A730B00867DCA /* Preview Content */,
			);
			path = Fellmonger;
			sourceTree = "<group>";
		};
		0EE839952C08DABB00867DCA /* Frameworks */ = {
			isa = PBXGroup;
			children = (
			);
			name = Frameworks;
			sourceTree = "<group>";
		};
		0EE839AB2C0A730B00867DCA /* Preview Content */ = {
			isa = PBXGroup;
			children = (
				0EE839AC2C0A730B00867DCA /* Preview Assets.xcassets */,
			);
			path = "Preview Content";
			sourceTree = "<group>";
		};
/* End PBXGroup section */

/* Begin PBXNativeTarget section */
		0E47023A2BEE9D0D00765E51 /* Fellmonger */ = {
			isa = PBXNativeTarget;
			buildConfigurationList = 0E4702602BEE9D0E00765E51 /* Build configuration list for PBXNativeTarget "Fellmonger" */;
			buildPhases = (
				0E4702372BEE9D0D00765E51 /* Sources */,
				0E4702382BEE9D0D00765E51 /* Frameworks */,
				0E4702392BEE9D0D00765E51 /* Resources */,
			);
			buildRules = (
			);
			dependencies = (
			);
			name = Fellmonger;
			packageProductDependencies = (
				0E72FB472C531BAE0069EF12 /* MacOSRoot */,
			);
			productName = Fellmonger;
			productReference = 0E47023B2BEE9D0D00765E51 /* Fellmonger.app */;
			productType = "com.apple.product-type.application";
		};
/* End PBXNativeTarget section */

/* Begin PBXProject section */
		0E4702332BEE9D0D00765E51 /* Project object */ = {
			isa = PBXProject;
			attributes = {
				BuildIndependentTargetsInParallel = 1;
				LastSwiftUpdateCheck = 1540;
				LastUpgradeCheck = 1600;
			};
			buildConfigurationList = 0E4702362BEE9D0D00765E51 /* Build configuration list for PBXProject "Fellmonger" */;
			compatibilityVersion = "Xcode 14.0";
			developmentRegion = en;
			hasScannedForEncodings = 0;
			knownRegions = (
				en,
				Base,
			);
			mainGroup = 0E4702322BEE9D0D00765E51;
			packageReferences = (
			);
			productRefGroup = 0E47023C2BEE9D0D00765E51 /* Products */;
			projectDirPath = "";
			projectRoot = "";
			targets = (
				0E47023A2BEE9D0D00765E51 /* Fellmonger */,
			);
		};
/* End PBXProject section */

/* Begin PBXResourcesBuildPhase section */
		0E4702392BEE9D0D00765E51 /* Resources */ = {
			isa = PBXResourcesBuildPhase;
			buildActionMask = 2147483647;
			files = (
				0EE839AD2C0A730B00867DCA /* Preview Assets.xcassets in Resources */,
				0E4702432BEE9D0E00765E51 /* Assets.xcassets in Resources */,
			);
			runOnlyForDeploymentPostprocessing = 0;
		};
/* End PBXResourcesBuildPhase section */

/* Begin PBXSourcesBuildPhase section */
		0E4702372BEE9D0D00765E51 /* Sources */ = {
			isa = PBXSourcesBuildPhase;
			buildActionMask = 2147483647;
			files = (
				0E47023F2BEE9D0D00765E51 /* FellmongerApp.swift in Sources */,
			);
			runOnlyForDeploymentPostprocessing = 0;
		};
/* End PBXSourcesBuildPhase section */

/* Begin XCBuildConfiguration section */
		0E47025E2BEE9D0E00765E51 /* Debug */ = {
			isa = XCBuildConfiguration;
			buildSettings = {
				ALWAYS_SEARCH_USER_PATHS = NO;
				ASSETCATALOG_COMPILER_GENERATE_SWIFT_ASSET_SYMBOL_EXTENSIONS = YES;
				CLANG_ANALYZER_NONNULL = YES;
				CLANG_ANALYZER_NUMBER_OBJECT_CONVERSION = YES_AGGRESSIVE;
				CLANG_CXX_LANGUAGE_STANDARD = "gnu++20";
				CLANG_ENABLE_MODULES = YES;
				CLANG_ENABLE_OBJC_ARC = YES;
				CLANG_ENABLE_OBJC_WEAK = YES;
				CLANG_WARN_BLOCK_CAPTURE_AUTORELEASING = YES;
				CLANG_WARN_BOOL_CONVERSION = YES;
				CLANG_WARN_COMMA = YES;
				CLANG_WARN_CONSTANT_CONVERSION = YES;
				CLANG_WARN_DEPRECATED_OBJC_IMPLEMENTATIONS = YES;
				CLANG_WARN_DIRECT_OBJC_ISA_USAGE = YES_ERROR;
				CLANG_WARN_DOCUMENTATION_COMMENTS = YES;
				CLANG_WARN_EMPTY_BODY = YES;
				CLANG_WARN_ENUM_CONVERSION = YES;
				CLANG_WARN_INFINITE_RECURSION = YES;
				CLANG_WARN_INT_CONVERSION = YES;
				CLANG_WARN_NON_LITERAL_NULL_CONVERSION = YES;
				CLANG_WARN_OBJC_IMPLICIT_RETAIN_SELF = YES;
				CLANG_WARN_OBJC_LITERAL_CONVERSION = YES;
				CLANG_WARN_OBJC_ROOT_CLASS = YES_ERROR;
				CLANG_WARN_QUOTED_INCLUDE_IN_FRAMEWORK_HEADER = YES;
				CLANG_WARN_RANGE_LOOP_ANALYSIS = YES;
				CLANG_WARN_STRICT_PROTOTYPES = YES;
				CLANG_WARN_SUSPICIOUS_MOVE = YES;
				CLANG_WARN_UNGUARDED_AVAILABILITY = YES_AGGRESSIVE;
				CLANG_WARN_UNREACHABLE_CODE = YES;
				CLANG_WARN__DUPLICATE_METHOD_MATCH = YES;
				COPY_PHASE_STRIP = NO;
				DEAD_CODE_STRIPPING = YES;
				DEBUG_INFORMATION_FORMAT = dwarf;
				ENABLE_STRICT_OBJC_MSGSEND = YES;
				ENABLE_TESTABILITY = YES;
				ENABLE_USER_SCRIPT_SANDBOXING = YES;
				GCC_C_LANGUAGE_STANDARD = gnu17;
				GCC_DYNAMIC_NO_PIC = NO;
				GCC_NO_COMMON_BLOCKS = YES;
				GCC_OPTIMIZATION_LEVEL = 0;
				GCC_PREPROCESSOR_DEFINITIONS = (
					"DEBUG=1",
					"$(inherited)",
				);
				GCC_WARN_64_TO_32_BIT_CONVERSION = YES;
				GCC_WARN_ABOUT_RETURN_TYPE = YES_ERROR;
				GCC_WARN_UNDECLARED_SELECTOR = YES;
				GCC_WARN_UNINITIALIZED_AUTOS = YES_AGGRESSIVE;
				GCC_WARN_UNUSED_FUNCTION = YES;
				GCC_WARN_UNUSED_VARIABLE = YES;
				LOCALIZATION_PREFERS_STRING_CATALOGS = YES;
				MACOSX_DEPLOYMENT_TARGET = 14.0;
				MTL_ENABLE_DEBUG_INFO = INCLUDE_SOURCE;
				MTL_FAST_MATH = YES;
				ONLY_ACTIVE_ARCH = YES;
				SDKROOT = macosx;
				SWIFT_ACTIVE_COMPILATION_CONDITIONS = "DEBUG $(inherited)";
				SWIFT_OPTIMIZATION_LEVEL = "-Onone";
				SWIFT_VERSION = 6.0;
			};
			name = Debug;
		};
		0E47025F2BEE9D0E00765E51 /* Release */ = {
			isa = XCBuildConfiguration;
			buildSettings = {
				ALWAYS_SEARCH_USER_PATHS = NO;
				ASSETCATALOG_COMPILER_GENERATE_SWIFT_ASSET_SYMBOL_EXTENSIONS = YES;
				CLANG_ANALYZER_NONNULL = YES;
				CLANG_ANALYZER_NUMBER_OBJECT_CONVERSION = YES_AGGRESSIVE;
				CLANG_CXX_LANGUAGE_STANDARD = "gnu++20";
				CLANG_ENABLE_MODULES = YES;
				CLANG_ENABLE_OBJC_ARC = YES;
				CLANG_ENABLE_OBJC_WEAK = YES;
				CLANG_WARN_BLOCK_CAPTURE_AUTORELEASING = YES;
				CLANG_WARN_BOOL_CONVERSION = YES;
				CLANG_WARN_COMMA = YES;
				CLANG_WARN_CONSTANT_CONVERSION = YES;
				CLANG_WARN_DEPRECATED_OBJC_IMPLEMENTATIONS = YES;
				CLANG_WARN_DIRECT_OBJC_ISA_USAGE = YES_ERROR;
				CLANG_WARN_DOCUMENTATION_COMMENTS = YES;
				CLANG_WARN_EMPTY_BODY = YES;
				CLANG_WARN_ENUM_CONVERSION = YES;
				CLANG_WARN_INFINITE_RECURSION = YES;
				CLANG_WARN_INT_CONVERSION = YES;
				CLANG_WARN_NON_LITERAL_NULL_CONVERSION = YES;
				CLANG_WARN_OBJC_IMPLICIT_RETAIN_SELF = YES;
				CLANG_WARN_OBJC_LITERAL_CONVERSION = YES;
				CLANG_WARN_OBJC_ROOT_CLASS = YES_ERROR;
				CLANG_WARN_QUOTED_INCLUDE_IN_FRAMEWORK_HEADER = YES;
				CLANG_WARN_RANGE_LOOP_ANALYSIS = YES;
				CLANG_WARN_STRICT_PROTOTYPES = YES;
				CLANG_WARN_SUSPICIOUS_MOVE = YES;
				CLANG_WARN_UNGUARDED_AVAILABILITY = YES_AGGRESSIVE;
				CLANG_WARN_UNREACHABLE_CODE = YES;
				CLANG_WARN__DUPLICATE_METHOD_MATCH = YES;
				COPY_PHASE_STRIP = NO;
				DEAD_CODE_STRIPPING = YES;
				DEBUG_INFORMATION_FORMAT = "dwarf-with-dsym";
				ENABLE_NS_ASSERTIONS = NO;
				ENABLE_STRICT_OBJC_MSGSEND = YES;
				ENABLE_USER_SCRIPT_SANDBOXING = YES;
				GCC_C_LANGUAGE_STANDARD = gnu17;
				GCC_NO_COMMON_BLOCKS = YES;
				GCC_WARN_64_TO_32_BIT_CONVERSION = YES;
				GCC_WARN_ABOUT_RETURN_TYPE = YES_ERROR;
				GCC_WARN_UNDECLARED_SELECTOR = YES;
				GCC_WARN_UNINITIALIZED_AUTOS = YES_AGGRESSIVE;
				GCC_WARN_UNUSED_FUNCTION = YES;
				GCC_WARN_UNUSED_VARIABLE = YES;
				LOCALIZATION_PREFERS_STRING_CATALOGS = YES;
				MACOSX_DEPLOYMENT_TARGET = 14.0;
				MTL_ENABLE_DEBUG_INFO = NO;
				MTL_FAST_MATH = YES;
				SDKROOT = macosx;
				SWIFT_COMPILATION_MODE = wholemodule;
				SWIFT_VERSION = 6.0;
			};
			name = Release;
		};
		0E4702612BEE9D0E00765E51 /* Debug */ = {
			isa = XCBuildConfiguration;
			buildSettings = {
				ASSETCATALOG_COMPILER_APPICON_NAME = AppIcon;
				ASSETCATALOG_COMPILER_GLOBAL_ACCENT_COLOR_NAME = AccentColor;
				CODE_SIGN_ENTITLEMENTS = Fellmonger/Fellmonger.entitlements;
				CODE_SIGN_STYLE = Automatic;
				COMBINE_HIDPI_IMAGES = YES;
				CURRENT_PROJECT_VERSION = 1;
				DEAD_CODE_STRIPPING = YES;
				DEVELOPMENT_ASSET_PATHS = "\"Fellmonger/Preview Content\"";
				DEVELOPMENT_TEAM = 5CM6JHY5S8;
				ENABLE_HARDENED_RUNTIME = YES;
				ENABLE_PREVIEWS = YES;
				GENERATE_INFOPLIST_FILE = YES;
				INFOPLIST_KEY_NSHumanReadableCopyright = "";
				LD_RUNPATH_SEARCH_PATHS = (
					"$(inherited)",
					"@executable_path/../Frameworks",
				);
				MARKETING_VERSION = 0.0.1;
				PRODUCT_BUNDLE_IDENTIFIER = com.fernandobarbat.fellmonger;
				PRODUCT_NAME = "$(TARGET_NAME)";
				SWIFT_EMIT_LOC_STRINGS = YES;
				SWIFT_VERSION = 6.0;
			};
			name = Debug;
		};
		0E4702622BEE9D0E00765E51 /* Release */ = {
			isa = XCBuildConfiguration;
			buildSettings = {
				ASSETCATALOG_COMPILER_APPICON_NAME = AppIcon;
				ASSETCATALOG_COMPILER_GLOBAL_ACCENT_COLOR_NAME = AccentColor;
				CODE_SIGN_ENTITLEMENTS = Fellmonger/Fellmonger.entitlements;
				CODE_SIGN_STYLE = Automatic;
				COMBINE_HIDPI_IMAGES = YES;
				CURRENT_PROJECT_VERSION = 1;
				DEAD_CODE_STRIPPING = YES;
				DEVELOPMENT_ASSET_PATHS = "\"Fellmonger/Preview Content\"";
				DEVELOPMENT_TEAM = 5CM6JHY5S8;
				ENABLE_HARDENED_RUNTIME = YES;
				ENABLE_PREVIEWS = YES;
				GENERATE_INFOPLIST_FILE = YES;
				INFOPLIST_KEY_NSHumanReadableCopyright = "";
				LD_RUNPATH_SEARCH_PATHS = (
					"$(inherited)",
					"@executable_path/../Frameworks",
				);
				MARKETING_VERSION = 0.0.1;
				PRODUCT_BUNDLE_IDENTIFIER = com.fernandobarbat.fellmonger;
				PRODUCT_NAME = "$(TARGET_NAME)";
				SWIFT_EMIT_LOC_STRINGS = YES;
				SWIFT_VERSION = 6.0;
			};
			name = Release;
		};
/* End XCBuildConfiguration section */

/* Begin XCConfigurationList section */
		0E4702362BEE9D0D00765E51 /* Build configuration list for PBXProject "Fellmonger" */ = {
			isa = XCConfigurationList;
			buildConfigurations = (
				0E47025E2BEE9D0E00765E51 /* Debug */,
				0E47025F2BEE9D0E00765E51 /* Release */,
			);
			defaultConfigurationIsVisible = 0;
			defaultConfigurationName = Release;
		};
		0E4702602BEE9D0E00765E51 /* Build configuration list for PBXNativeTarget "Fellmonger" */ = {
			isa = XCConfigurationList;
			buildConfigurations = (
				0E4702612BEE9D0E00765E51 /* Debug */,
				0E4702622BEE9D0E00765E51 /* Release */,
			);
			defaultConfigurationIsVisible = 0;
			defaultConfigurationName = Release;
		};
/* End XCConfigurationList section */

/* Begin XCSwiftPackageProductDependency section */
		0E72FB472C531BAE0069EF12 /* MacOSRoot */ = {
			isa = XCSwiftPackageProductDependency;
			productName = MacOSRoot;
		};
/* End XCSwiftPackageProductDependency section */
	};
	rootObject = 0E4702332BEE9D0D00765E51 /* Project object */;
}
